// !$*UTF8*$!
{
	archiveVersion = 1;
	classes = {
	};
	objectVersion = 50;
	objects = {

/* Begin PBXBuildFile section */
		DE47FA8F23718CFC00375DA7 /* AppDelegate.swift in Sources */ = {isa = PBXBuildFile; fileRef = DE47FA8E23718CFC00375DA7 /* AppDelegate.swift */; };
		DE47FA9123718CFC00375DA7 /* SceneDelegate.swift in Sources */ = {isa = PBXBuildFile; fileRef = DE47FA9023718CFC00375DA7 /* SceneDelegate.swift */; };
		DE47FA9323718CFC00375DA7 /* ViewController.swift in Sources */ = {isa = PBXBuildFile; fileRef = DE47FA9223718CFC00375DA7 /* ViewController.swift */; };
		DE47FA9623718CFC00375DA7 /* Main.storyboard in Resources */ = {isa = PBXBuildFile; fileRef = DE47FA9423718CFC00375DA7 /* Main.storyboard */; };
		DE47FA9823718CFD00375DA7 /* Assets.xcassets in Resources */ = {isa = PBXBuildFile; fileRef = DE47FA9723718CFD00375DA7 /* Assets.xcassets */; };
		DE47FA9B23718CFD00375DA7 /* LaunchScreen.storyboard in Resources */ = {isa = PBXBuildFile; fileRef = DE47FA9923718CFD00375DA7 /* LaunchScreen.storyboard */; };
		DE47FAA323718D2C00375DA7 /* CajaView.swift in Sources */ = {isa = PBXBuildFile; fileRef = DE47FAA223718D2C00375DA7 /* CajaView.swift */; };
/* End PBXBuildFile section */

/* Begin PBXFileReference section */
		DE47FA8B23718CFC00375DA7 /* Caja.app */ = {isa = PBXFileReference; explicitFileType = wrapper.application; includeInIndex = 0; path = Caja.app; sourceTree = BUILT_PRODUCTS_DIR; };
		DE47FA8E23718CFC00375DA7 /* AppDelegate.swift */ = {isa = PBXFileReference; lastKnownFileType = sourcecode.swift; path = AppDelegate.swift; sourceTree = "<group>"; };
		DE47FA9023718CFC00375DA7 /* SceneDelegate.swift */ = {isa = PBXFileReference; lastKnownFileType = sourcecode.swift; path = SceneDelegate.swift; sourceTree = "<group>"; };
		DE47FA9223718CFC00375DA7 /* ViewController.swift */ = {isa = PBXFileReference; lastKnownFileType = sourcecode.swift; path = ViewController.swift; sourceTree = "<group>"; };
		DE47FA9523718CFC00375DA7 /* Base */ = {isa = PBXFileReference; lastKnownFileType = file.storyboard; name = Base; path = Base.lproj/Main.storyboard; sourceTree = "<group>"; };
		DE47FA9723718CFD00375DA7 /* Assets.xcassets */ = {isa = PBXFileReference; lastKnownFileType = folder.assetcatalog; path = Assets.xcassets; sourceTree = "<group>"; };
		DE47FA9A23718CFD00375DA7 /* Base */ = {isa = PBXFileReference; lastKnownFileType = file.storyboard; name = Base; path = Base.lproj/LaunchScreen.storyboard; sourceTree = "<group>"; };
		DE47FA9C23718CFD00375DA7 /* Info.plist */ = {isa = PBXFileReference; lastKnownFileType = text.plist.xml; path = Info.plist; sourceTree = "<group>"; };
		DE47FAA223718D2C00375DA7 /* CajaView.swift */ = {isa = PBXFileReference; lastKnownFileType = sourcecode.swift; path = CajaView.swift; sourceTree = "<group>"; };
/* End PBXFileReference section */

/* Begin PBXFrameworksBuildPhase section */
		DE47FA8823718CFC00375DA7 /* Frameworks */ = {
			isa = PBXFrameworksBuildPhase;
			buildActionMask = 2147483647;
			files = (
			);
			runOnlyForDeploymentPostprocessing = 0;
		};
/* End PBXFrameworksBuildPhase section */

/* Begin PBXGroup section */
		DE47FA8223718CFC00375DA7 = {
			isa = PBXGroup;
			children = (
				DE47FA8D23718CFC00375DA7 /* Caja */,
				DE47FA8C23718CFC00375DA7 /* Products */,
			);
			sourceTree = "<group>";
		};
		DE47FA8C23718CFC00375DA7 /* Products */ = {
			isa = PBXGroup;
			children = (
				DE47FA8B23718CFC00375DA7 /* Caja.app */,
			);
			name = Products;
			sourceTree = "<group>";
		};
		DE47FA8D23718CFC00375DA7 /* Caja */ = {
			isa = PBXGroup;
			children = (
				DE47FA8E23718CFC00375DA7 /* AppDelegate.swift */,
				DE47FA9023718CFC00375DA7 /* SceneDelegate.swift */,
				DE47FA9223718CFC00375DA7 /* ViewController.swift */,
				DE47FA9423718CFC00375DA7 /* Main.storyboard */,
				DE47FA9723718CFD00375DA7 /* Assets.xcassets */,
				DE47FA9923718CFD00375DA7 /* LaunchScreen.storyboard */,
				DE47FA9C23718CFD00375DA7 /* Info.plist */,
				DE47FAA223718D2C00375DA7 /* CajaView.swift */,
			);
			path = Caja;
			sourceTree = "<group>";
		};
/* End PBXGroup section */

/* Begin PBXNativeTarget section */
		DE47FA8A23718CFC00375DA7 /* Caja */ = {
			isa = PBXNativeTarget;
			buildConfigurationList = DE47FA9F23718CFD00375DA7 /* Build configuration list for PBXNativeTarget "Caja" */;
			buildPhases = (
				DE47FA8723718CFC00375DA7 /* Sources */,
				DE47FA8823718CFC00375DA7 /* Frameworks */,
				DE47FA8923718CFC00375DA7 /* Resources */,
			);
			buildRules = (
			);
			dependencies = (
			);
			name = Caja;
			productName = Caja;
			productReference = DE47FA8B23718CFC00375DA7 /* Caja.app */;
			productType = "com.apple.product-type.application";
		};
/* End PBXNativeTarget section */

/* Begin PBXProject section */
		DE47FA8323718CFC00375DA7 /* Project object */ = {
			isa = PBXProject;
			attributes = {
				LastSwiftUpdateCheck = 1120;
				LastUpgradeCheck = 1120;
				ORGANIZATIONNAME = IWEB;
				TargetAttributes = {
					DE47FA8A23718CFC00375DA7 = {
						CreatedOnToolsVersion = 11.2;
					};
				};
			};
			buildConfigurationList = DE47FA8623718CFC00375DA7 /* Build configuration list for PBXProject "Caja" */;
			compatibilityVersion = "Xcode 9.3";
			developmentRegion = en;
			hasScannedForEncodings = 0;
			knownRegions = (
				en,
				Base,
			);
			mainGroup = DE47FA8223718CFC00375DA7;
			productRefGroup = DE47FA8C23718CFC00375DA7 /* Products */;
			projectDirPath = "";
			projectRoot = "";
			targets = (
				DE47FA8A23718CFC00375DA7 /* Caja */,
			);
		};
/* End PBXProject section */

/* Begin PBXResourcesBuildPhase section */
		DE47FA8923718CFC00375DA7 /* Resources */ = {
			isa = PBXResourcesBuildPhase;
			buildActionMask = 2147483647;
			files = (
				DE47FA9B23718CFD00375DA7 /* LaunchScreen.storyboard in Resources */,
				DE47FA9823718CFD00375DA7 /* Assets.xcassets in Resources */,
				DE47FA9623718CFC00375DA7 /* Main.storyboard in Resources */,
			);
			runOnlyForDeploymentPostprocessing = 0;
		};
/* End PBXResourcesBuildPhase section */

/* Begin PBXSourcesBuildPhase section */
		DE47FA8723718CFC00375DA7 /* Sources */ = {
			isa = PBXSourcesBuildPhase;
			buildActionMask = 2147483647;
			files = (
				DE47FA9323718CFC00375DA7 /* ViewController.swift in Sources */,
				DE47FA8F23718CFC00375DA7 /* AppDelegate.swift in Sources */,
				DE47FA9123718CFC00375DA7 /* SceneDelegate.swift in Sources */,
				DE47FAA323718D2C00375DA7 /* CajaView.swift in Sources */,
			);
			runOnlyForDeploymentPostprocessing = 0;
		};
/* End PBXSourcesBuildPhase section */

/* Begin PBXVariantGroup section */
		DE47FA9423718CFC00375DA7 /* Main.storyboard */ = {
			isa = PBXVariantGroup;
			children = (
				DE47FA9523718CFC00375DA7 /* Base */,
			);
			name = Main.storyboard;
			sourceTree = "<group>";
		};
		DE47FA9923718CFD00375DA7 /* LaunchScreen.storyboard */ = {
			isa = PBXVariantGroup;
			children = (
				DE47FA9A23718CFD00375DA7 /* Base */,
			);
			name = LaunchScreen.storyboard;
			sourceTree = "<group>";
		};
/* End PBXVariantGroup section */

/* Begin XCBuildConfiguration section */
		DE47FA9D23718CFD00375DA7 /* Debug */ = {
			isa = XCBuildConfiguration;
			buildSettings = {
				ALWAYS_SEARCH_USER_PATHS = NO;
				CLANG_ANALYZER_NONNULL = YES;
				CLANG_ANALYZER_NUMBER_OBJECT_CONVERSION = YES_AGGRESSIVE;
				CLANG_CXX_LANGUAGE_STANDARD = "gnu++14";
				CLANG_CXX_LIBRARY = "libc++";
				CLANG_ENABLE_MODULES = YES;
				CLANG_ENABLE_OBJC_ARC = YES;
				CLANG_ENABLE_OBJC_WEAK = YES;
				CLANG_WARN_BLOCK_CAPTURE_AUTORELEASING = YES;
				CLANG_WARN_BOOL_CONVERSION = YES;
				CLANG_WARN_COMMA = YES;
				CLANG_WARN_CONSTANT_CONVERSION = YES;
				CLANG_WARN_DEPRECATED_OBJC_IMPLEMENTATIONS = YES;
				CLANG_WARN_DIRECT_OBJC_ISA_USAGE = YES_ERROR;
				CLANG_WARN_DOCUMENTATION_COMMENTS = YES;
				CLANG_WARN_EMPTY_BODY = YES;
				CLANG_WARN_ENUM_CONVERSION = YES;
				CLANG_WARN_INFINITE_RECURSION = YES;
				CLANG_WARN_INT_CONVERSION = YES;
				CLANG_WARN_NON_LITERAL_NULL_CONVERSION = YES;
				CLANG_WARN_OBJC_IMPLICIT_RETAIN_SELF = YES;
				CLANG_WARN_OBJC_LITERAL_CONVERSION = YES;
				CLANG_WARN_OBJC_ROOT_CLASS = YES_ERROR;
				CLANG_WARN_RANGE_LOOP_ANALYSIS = YES;
				CLANG_WARN_STRICT_PROTOTYPES = YES;
				CLANG_WARN_SUSPICIOUS_MOVE = YES;
				CLANG_WARN_UNGUARDED_AVAILABILITY = YES_AGGRESSIVE;
				CLANG_WARN_UNREACHABLE_CODE = YES;
				CLANG_WARN__DUPLICATE_METHOD_MATCH = YES;
				COPY_PHASE_STRIP = NO;
				DEBUG_INFORMATION_FORMAT = dwarf;
				ENABLE_STRICT_OBJC_MSGSEND = YES;
				ENABLE_TESTABILITY = YES;
				GCC_C_LANGUAGE_STANDARD = gnu11;
				GCC_DYNAMIC_NO_PIC = NO;
				GCC_NO_COMMON_BLOCKS = YES;
				GCC_OPTIMIZATION_LEVEL = 0;
				GCC_PREPROCESSOR_DEFINITIONS = (
					"DEBUG=1",
					"$(inherited)",
				);
				GCC_WARN_64_TO_32_BIT_CONVERSION = YES;
				GCC_WARN_ABOUT_RETURN_TYPE = YES_ERROR;
				GCC_WARN_UNDECLARED_SELECTOR = YES;
				GCC_WARN_UNINITIALIZED_AUTOS = YES_AGGRESSIVE;
				GCC_WARN_UNUSED_FUNCTION = YES;
				GCC_WARN_UNUSED_VARIABLE = YES;
				IPHONEOS_DEPLOYMENT_TARGET = 13.2;
				MTL_ENABLE_DEBUG_INFO = INCLUDE_SOURCE;
				MTL_FAST_MATH = YES;
				ONLY_ACTIVE_ARCH = YES;
				SDKROOT = iphoneos;
				SWIFT_ACTIVE_COMPILATION_CONDITIONS = DEBUG;
				SWIFT_OPTIMIZATION_LEVEL = "-Onone";
			};
			name = Debug;
		};
		DE47FA9E23718CFD00375DA7 /* Release */ = {
			isa = XCBuildConfiguration;
			buildSettings = {
				ALWAYS_SEARCH_USER_PATHS = NO;
				CLANG_ANALYZER_NONNULL = YES;
				CLANG_ANALYZER_NUMBER_OBJECT_CONVERSION = YES_AGGRESSIVE;
				CLANG_CXX_LANGUAGE_STANDARD = "gnu++14";
				CLANG_CXX_LIBRARY = "libc++";
				CLANG_ENABLE_MODULES = YES;
				CLANG_ENABLE_OBJC_ARC = YES;
				CLANG_ENABLE_OBJC_WEAK = YES;
				CLANG_WARN_BLOCK_CAPTURE_AUTORELEASING = YES;
				CLANG_WARN_BOOL_CONVERSION = YES;
				CLANG_WARN_COMMA = YES;
				CLANG_WARN_CONSTANT_CONVERSION = YES;
				CLANG_WARN_DEPRECATED_OBJC_IMPLEMENTATIONS = YES;
				CLANG_WARN_DIRECT_OBJC_ISA_USAGE = YES_ERROR;
				CLANG_WARN_DOCUMENTATION_COMMENTS = YES;
				CLANG_WARN_EMPTY_BODY = YES;
				CLANG_WARN_ENUM_CONVERSION = YES;
				CLANG_WARN_INFINITE_RECURSION = YES;
				CLANG_WARN_INT_CONVERSION = YES;
				CLANG_WARN_NON_LITERAL_NULL_CONVERSION = YES;
				CLANG_WARN_OBJC_IMPLICIT_RETAIN_SELF = YES;
				CLANG_WARN_OBJC_LITERAL_CONVERSION = YES;
				CLANG_WARN_OBJC_ROOT_CLASS = YES_ERROR;
				CLANG_WARN_RANGE_LOOP_ANALYSIS = YES;
				CLANG_WARN_STRICT_PROTOTYPES = YES;
				CLANG_WARN_SUSPICIOUS_MOVE = YES;
				CLANG_WARN_UNGUARDED_AVAILABILITY = YES_AGGRESSIVE;
				CLANG_WARN_UNREACHABLE_CODE = YES;
				CLANG_WARN__DUPLICATE_METHOD_MATCH = YES;
				COPY_PHASE_STRIP = NO;
				DEBUG_INFORMATION_FORMAT = "dwarf-with-dsym";
				ENABLE_NS_ASSERTIONS = NO;
				ENABLE_STRICT_OBJC_MSGSEND = YES;
				GCC_C_LANGUAGE_STANDARD = gnu11;
				GCC_NO_COMMON_BLOCKS = YES;
				GCC_WARN_64_TO_32_BIT_CONVERSION = YES;
				GCC_WARN_ABOUT_RETURN_TYPE = YES_ERROR;
				GCC_WARN_UNDECLARED_SELECTOR = YES;
				GCC_WARN_UNINITIALIZED_AUTOS = YES_AGGRESSIVE;
				GCC_WARN_UNUSED_FUNCTION = YES;
				GCC_WARN_UNUSED_VARIABLE = YES;
				IPHONEOS_DEPLOYMENT_TARGET = 13.2;
				MTL_ENABLE_DEBUG_INFO = NO;
				MTL_FAST_MATH = YES;
				SDKROOT = iphoneos;
				SWIFT_COMPILATION_MODE = wholemodule;
				SWIFT_OPTIMIZATION_LEVEL = "-O";
				VALIDATE_PRODUCT = YES;
			};
			name = Release;
		};
		DE47FAA023718CFD00375DA7 /* Debug */ = {
			isa = XCBuildConfiguration;
			buildSettings = {
				ASSETCATALOG_COMPILER_APPICON_NAME = AppIcon;
				CODE_SIGN_STYLE = Automatic;
				INFOPLIST_FILE = Caja/Info.plist;
				IPHONEOS_DEPLOYMENT_TARGET = 13.1;
				LD_RUNPATH_SEARCH_PATHS = (
					"$(inherited)",
					"@executable_path/Frameworks",
				);
				PRODUCT_BUNDLE_IDENTIFIER = es.upm.Caja;
				PRODUCT_NAME = "$(TARGET_NAME)";
				SWIFT_VERSION = 5.0;
				TARGETED_DEVICE_FAMILY = "1,2";
			};
			name = Debug;
		};
		DE47FAA123718CFD00375DA7 /* Release */ = {
			isa = XCBuildConfiguration;
			buildSettings = {
				ASSETCATALOG_COMPILER_APPICON_NAME = AppIcon;
				CODE_SIGN_STYLE = Automatic;
				INFOPLIST_FILE = Caja/Info.plist;
				IPHONEOS_DEPLOYMENT_TARGET = 13.1;
				LD_RUNPATH_SEARCH_PATHS = (
					"$(inherited)",
					"@executable_path/Frameworks",
				);
				PRODUCT_BUNDLE_IDENTIFIER = es.upm.Caja;
				PRODUCT_NAME = "$(TARGET_NAME)";
				SWIFT_VERSION = 5.0;
				TARGETED_DEVICE_FAMILY = "1,2";
			};
			name = Release;
		};
/* End XCBuildConfiguration section */

/* Begin XCConfigurationList section */
		DE47FA8623718CFC00375DA7 /* Build configuration list for PBXProject "Caja" */ = {
			isa = XCConfigurationList;
			buildConfigurations = (
				DE47FA9D23718CFD00375DA7 /* Debug */,
				DE47FA9E23718CFD00375DA7 /* Release */,
			);
			defaultConfigurationIsVisible = 0;
			defaultConfigurationName = Release;
		};
		DE47FA9F23718CFD00375DA7 /* Build configuration list for PBXNativeTarget "Caja" */ = {
			isa = XCConfigurationList;
			buildConfigurations = (
				DE47FAA023718CFD00375DA7 /* Debug */,
				DE47FAA123718CFD00375DA7 /* Release */,
			);
			defaultConfigurationIsVisible = 0;
			defaultConfigurationName = Release;
		};
/* End XCConfigurationList section */
	};
	rootObject = DE47FA8323718CFC00375DA7 /* Project object */;
}
